
Microsoft Visual Studio Solution File, Format Version 12.00
# Visual Studio Version 16
VisualStudioVersion = 16.0.29613.14
MinimumVisualStudioVersion = 10.0.40219.1
Project("{FAE04EC0-301F-11D3-BF4B-00C04F79EFBC}") = "ktformdemo", "ktformdemo.csproj", "{B7503649-649E-4F7C-BB84-29904876855B}"
EndProject
Global
	GlobalSection(SolutionConfigurationPlatforms) = preSolution
		Debug|Any CPU = Debug|Any CPU
		Release|Any CPU = Release|Any CPU
	EndGlobalSection
	GlobalSection(ProjectConfigurationPlatforms) = postSolution
		{B7503649-649E-4F7C-BB84-29904876855B}.Debug|Any CPU.ActiveCfg = Debug|Any CPU
		{B7503649-649E-4F7C-BB84-29904876855B}.Debug|Any CPU.Build.0 = Debug|Any CPU
		{B7503649-649E-4F7C-BB84-29904876855B}.Release|Any CPU.ActiveCfg = Release|Any CPU
		{B7503649-649E-4F7C-BB84-29904876855B}.Release|Any CPU.Build.0 = Release|Any CPU
	EndGlobalSection
	GlobalSection(SolutionProperties) = preSolution
		HideSolutionNode = FALSE
	EndGlobalSection
	GlobalSection(ExtensibilityGlobals) = postSolution
		SolutionGuid = {A4FB4C6F-4BDB-444E-8898-82421E7A1DA4}
	EndGlobalSection
EndGlobal
